{
  "name": "ap_csp_create_task",
  "version": "1.0.0",
  "lockfileVersion": 3,
  "requires": true,
  "packages": {
    "": {
      "name": "ap_csp_create_task",
      "version": "1.0.0",
      "license": "ISC",
      "dependencies": {
        "sarama.js": "^0.0.1"
      }
    },
    "node_modules/sarama.js": {
      "version": "0.0.1",
      "resolved": "https://registry.npmjs.org/sarama.js/-/sarama.js-0.0.1.tgz",
      "integrity": "sha512-fVbljTkAG/y3C5LSfuxG8ThLrtAHgNFJXh/QOCml55wYUHwpkIbcDz/CEUuEU3xVmEYzIzTVNHF8OtCqwImGvA==",
      "engines": {
        "node": ">=0.4.0"
      }
    }
  }
}
